// !$*UTF8*$!
{
	archiveVersion = 1;
	classes = {
	};
	objectVersion = 50;
	objects = {

/* Begin PBXBuildFile section */
		77D8B6EA24810846007E2ECD /* AppDelegate.swift in Sources */ = {isa = PBXBuildFile; fileRef = 77D8B6E924810846007E2ECD /* AppDelegate.swift */; };
		77D8B6EC24810846007E2ECD /* SceneDelegate.swift in Sources */ = {isa = PBXBuildFile; fileRef = 77D8B6EB24810846007E2ECD /* SceneDelegate.swift */; };
		77D8B6EE24810846007E2ECD /* ContentView.swift in Sources */ = {isa = PBXBuildFile; fileRef = 77D8B6ED24810846007E2ECD /* ContentView.swift */; };
		77D8B6F024810847007E2ECD /* Assets.xcassets in Resources */ = {isa = PBXBuildFile; fileRef = 77D8B6EF24810847007E2ECD /* Assets.xcassets */; };
		77D8B6F324810847007E2ECD /* Preview Assets.xcassets in Resources */ = {isa = PBXBuildFile; fileRef = 77D8B6F224810847007E2ECD /* Preview Assets.xcassets */; };
		77D8B6F624810847007E2ECD /* LaunchScreen.storyboard in Resources */ = {isa = PBXBuildFile; fileRef = 77D8B6F424810847007E2ECD /* LaunchScreen.storyboard */; };
/* End PBXBuildFile section */

/* Begin PBXFileReference section */
		77D8B6E624810846007E2ECD /* Bullsye.app */ = {isa = PBXFileReference; explicitFileType = wrapper.application; includeInIndex = 0; path = Bullsye.app; sourceTree = BUILT_PRODUCTS_DIR; };
		77D8B6E924810846007E2ECD /* AppDelegate.swift */ = {isa = PBXFileReference; lastKnownFileType = sourcecode.swift; path = AppDelegate.swift; sourceTree = "<group>"; };
		77D8B6EB24810846007E2ECD /* SceneDelegate.swift */ = {isa = PBXFileReference; lastKnownFileType = sourcecode.swift; path = SceneDelegate.swift; sourceTree = "<group>"; };
		77D8B6ED24810846007E2ECD /* ContentView.swift */ = {isa = PBXFileReference; lastKnownFileType = sourcecode.swift; path = ContentView.swift; sourceTree = "<group>"; };
		77D8B6EF24810847007E2ECD /* Assets.xcassets */ = {isa = PBXFileReference; lastKnownFileType = folder.assetcatalog; path = Assets.xcassets; sourceTree = "<group>"; };
		77D8B6F224810847007E2ECD /* Preview Assets.xcassets */ = {isa = PBXFileReference; lastKnownFileType = folder.assetcatalog; path = "Preview Assets.xcassets"; sourceTree = "<group>"; };
		77D8B6F524810847007E2ECD /* Base */ = {isa = PBXFileReference; lastKnownFileType = file.storyboard; name = Base; path = Base.lproj/LaunchScreen.storyboard; sourceTree = "<group>"; };
		77D8B6F724810847007E2ECD /* Info.plist */ = {isa = PBXFileReference; lastKnownFileType = text.plist.xml; path = Info.plist; sourceTree = "<group>"; };
/* End PBXFileReference section */

/* Begin PBXFrameworksBuildPhase section */
		77D8B6E324810846007E2ECD /* Frameworks */ = {
			isa = PBXFrameworksBuildPhase;
			buildActionMask = 2147483647;
			files = (
			);
			runOnlyForDeploymentPostprocessing = 0;
		};
/* End PBXFrameworksBuildPhase section */

/* Begin PBXGroup section */
		77D8B6DD24810846007E2ECD = {
			isa = PBXGroup;
			children = (
				77D8B6E824810846007E2ECD /* Bullsye */,
				77D8B6E724810846007E2ECD /* Products */,
			);
			sourceTree = "<group>";
		};
		77D8B6E724810846007E2ECD /* Products */ = {
			isa = PBXGroup;
			children = (
				77D8B6E624810846007E2ECD /* Bullsye.app */,
			);
			name = Products;
			sourceTree = "<group>";
		};
		77D8B6E824810846007E2ECD /* Bullsye */ = {
			isa = PBXGroup;
			children = (
				77D8B6E924810846007E2ECD /* AppDelegate.swift */,
				77D8B6EB24810846007E2ECD /* SceneDelegate.swift */,
				77D8B6ED24810846007E2ECD /* ContentView.swift */,
				77D8B6EF24810847007E2ECD /* Assets.xcassets */,
				77D8B6F424810847007E2ECD /* LaunchScreen.storyboard */,
				77D8B6F724810847007E2ECD /* Info.plist */,
				77D8B6F124810847007E2ECD /* Preview Content */,
			);
			path = Bullsye;
			sourceTree = "<group>";
		};
		77D8B6F124810847007E2ECD /* Preview Content */ = {
			isa = PBXGroup;
			children = (
				77D8B6F224810847007E2ECD /* Preview Assets.xcassets */,
			);
			path = "Preview Content";
			sourceTree = "<group>";
		};
/* End PBXGroup section */

/* Begin PBXNativeTarget section */
		77D8B6E524810846007E2ECD /* Bullsye */ = {
			isa = PBXNativeTarget;
			buildConfigurationList = 77D8B6FA24810847007E2ECD /* Build configuration list for PBXNativeTarget "Bullsye" */;
			buildPhases = (
				77D8B6E224810846007E2ECD /* Sources */,
				77D8B6E324810846007E2ECD /* Frameworks */,
				77D8B6E424810846007E2ECD /* Resources */,
			);
			buildRules = (
			);
			dependencies = (
			);
			name = Bullsye;
			productName = Bullsye;
			productReference = 77D8B6E624810846007E2ECD /* Bullsye.app */;
			productType = "com.apple.product-type.application";
		};
/* End PBXNativeTarget section */

/* Begin PBXProject section */
		77D8B6DE24810846007E2ECD /* Project object */ = {
			isa = PBXProject;
			attributes = {
				LastSwiftUpdateCheck = 1150;
				LastUpgradeCheck = 1150;
				ORGANIZATIONNAME = "Sadaqat Panhwer";
				TargetAttributes = {
					77D8B6E524810846007E2ECD = {
						CreatedOnToolsVersion = 11.5;
					};
				};
			};
			buildConfigurationList = 77D8B6E124810846007E2ECD /* Build configuration list for PBXProject "Bullsye" */;
			compatibilityVersion = "Xcode 9.3";
			developmentRegion = en;
			hasScannedForEncodings = 0;
			knownRegions = (
				en,
				Base,
			);
			mainGroup = 77D8B6DD24810846007E2ECD;
			productRefGroup = 77D8B6E724810846007E2ECD /* Products */;
			projectDirPath = "";
			projectRoot = "";
			targets = (
				77D8B6E524810846007E2ECD /* Bullsye */,
			);
		};
/* End PBXProject section */

/* Begin PBXResourcesBuildPhase section */
		77D8B6E424810846007E2ECD /* Resources */ = {
			isa = PBXResourcesBuildPhase;
			buildActionMask = 2147483647;
			files = (
				77D8B6F624810847007E2ECD /* LaunchScreen.storyboard in Resources */,
				77D8B6F324810847007E2ECD /* Preview Assets.xcassets in Resources */,
				77D8B6F024810847007E2ECD /* Assets.xcassets in Resources */,
			);
			runOnlyForDeploymentPostprocessing = 0;
		};
/* End PBXResourcesBuildPhase section */

/* Begin PBXSourcesBuildPhase section */
		77D8B6E224810846007E2ECD /* Sources */ = {
			isa = PBXSourcesBuildPhase;
			buildActionMask = 2147483647;
			files = (
				77D8B6EA24810846007E2ECD /* AppDelegate.swift in Sources */,
				77D8B6EC24810846007E2ECD /* SceneDelegate.swift in Sources */,
				77D8B6EE24810846007E2ECD /* ContentView.swift in Sources */,
			);
			runOnlyForDeploymentPostprocessing = 0;
		};
/* End PBXSourcesBuildPhase section */

/* Begin PBXVariantGroup section */
		77D8B6F424810847007E2ECD /* LaunchScreen.storyboard */ = {
			isa = PBXVariantGroup;
			children = (
				77D8B6F524810847007E2ECD /* Base */,
			);
			name = LaunchScreen.storyboard;
			sourceTree = "<group>";
		};
/* End PBXVariantGroup section */

/* Begin XCBuildConfiguration section */
		77D8B6F824810847007E2ECD /* Debug */ = {
			isa = XCBuildConfiguration;
			buildSettings = {
				ALWAYS_SEARCH_USER_PATHS = NO;
				CLANG_ANALYZER_NONNULL = YES;
				CLANG_ANALYZER_NUMBER_OBJECT_CONVERSION = YES_AGGRESSIVE;
				CLANG_CXX_LANGUAGE_STANDARD = "gnu++14";
				CLANG_CXX_LIBRARY = "libc++";
				CLANG_ENABLE_MODULES = YES;
				CLANG_ENABLE_OBJC_ARC = YES;
				CLANG_ENABLE_OBJC_WEAK = YES;
				CLANG_WARN_BLOCK_CAPTURE_AUTORELEASING = YES;
				CLANG_WARN_BOOL_CONVERSION = YES;
				CLANG_WARN_COMMA = YES;
				CLANG_WARN_CONSTANT_CONVERSION = YES;
				CLANG_WARN_DEPRECATED_OBJC_IMPLEMENTATIONS = YES;
				CLANG_WARN_DIRECT_OBJC_ISA_USAGE = YES_ERROR;
				CLANG_WARN_DOCUMENTATION_COMMENTS = YES;
				CLANG_WARN_EMPTY_BODY = YES;
				CLANG_WARN_ENUM_CONVERSION = YES;
				CLANG_WARN_INFINITE_RECURSION = YES;
				CLANG_WARN_INT_CONVERSION = YES;
				CLANG_WARN_NON_LITERAL_NULL_CONVERSION = YES;
				CLANG_WARN_OBJC_IMPLICIT_RETAIN_SELF = YES;
				CLANG_WARN_OBJC_LITERAL_CONVERSION = YES;
				CLANG_WARN_OBJC_ROOT_CLASS = YES_ERROR;
				CLANG_WARN_RANGE_LOOP_ANALYSIS = YES;
				CLANG_WARN_STRICT_PROTOTYPES = YES;
				CLANG_WARN_SUSPICIOUS_MOVE = YES;
				CLANG_WARN_UNGUARDED_AVAILABILITY = YES_AGGRESSIVE;
				CLANG_WARN_UNREACHABLE_CODE = YES;
				CLANG_WARN__DUPLICATE_METHOD_MATCH = YES;
				COPY_PHASE_STRIP = NO;
				DEBUG_INFORMATION_FORMAT = dwarf;
				ENABLE_STRICT_OBJC_MSGSEND = YES;
				ENABLE_TESTABILITY = YES;
				GCC_C_LANGUAGE_STANDARD = gnu11;
				GCC_DYNAMIC_NO_PIC = NO;
				GCC_NO_COMMON_BLOCKS = YES;
				GCC_OPTIMIZATION_LEVEL = 0;
				GCC_PREPROCESSOR_DEFINITIONS = (
					"DEBUG=1",
					"$(inherited)",
				);
				GCC_WARN_64_TO_32_BIT_CONVERSION = YES;
				GCC_WARN_ABOUT_RETURN_TYPE = YES_ERROR;
				GCC_WARN_UNDECLARED_SELECTOR = YES;
				GCC_WARN_UNINITIALIZED_AUTOS = YES_AGGRESSIVE;
				GCC_WARN_UNUSED_FUNCTION = YES;
				GCC_WARN_UNUSED_VARIABLE = YES;
				IPHONEOS_DEPLOYMENT_TARGET = 13.5;
				MTL_ENABLE_DEBUG_INFO = INCLUDE_SOURCE;
				MTL_FAST_MATH = YES;
				ONLY_ACTIVE_ARCH = YES;
				SDKROOT = iphoneos;
				SWIFT_ACTIVE_COMPILATION_CONDITIONS = DEBUG;
				SWIFT_OPTIMIZATION_LEVEL = "-Onone";
			};
			name = Debug;
		};
		77D8B6F924810847007E2ECD /* Release */ = {
			isa = XCBuildConfiguration;
			buildSettings = {
				ALWAYS_SEARCH_USER_PATHS = NO;
				CLANG_ANALYZER_NONNULL = YES;
				CLANG_ANALYZER_NUMBER_OBJECT_CONVERSION = YES_AGGRESSIVE;
				CLANG_CXX_LANGUAGE_STANDARD = "gnu++14";
				CLANG_CXX_LIBRARY = "libc++";
				CLANG_ENABLE_MODULES = YES;
				CLANG_ENABLE_OBJC_ARC = YES;
				CLANG_ENABLE_OBJC_WEAK = YES;
				CLANG_WARN_BLOCK_CAPTURE_AUTORELEASING = YES;
				CLANG_WARN_BOOL_CONVERSION = YES;
				CLANG_WARN_COMMA = YES;
				CLANG_WARN_CONSTANT_CONVERSION = YES;
				CLANG_WARN_DEPRECATED_OBJC_IMPLEMENTATIONS = YES;
				CLANG_WARN_DIRECT_OBJC_ISA_USAGE = YES_ERROR;
				CLANG_WARN_DOCUMENTATION_COMMENTS = YES;
				CLANG_WARN_EMPTY_BODY = YES;
				CLANG_WARN_ENUM_CONVERSION = YES;
				CLANG_WARN_INFINITE_RECURSION = YES;
				CLANG_WARN_INT_CONVERSION = YES;
				CLANG_WARN_NON_LITERAL_NULL_CONVERSION = YES;
				CLANG_WARN_OBJC_IMPLICIT_RETAIN_SELF = YES;
				CLANG_WARN_OBJC_LITERAL_CONVERSION = YES;
				CLANG_WARN_OBJC_ROOT_CLASS = YES_ERROR;
				CLANG_WARN_RANGE_LOOP_ANALYSIS = YES;
				CLANG_WARN_STRICT_PROTOTYPES = YES;
				CLANG_WARN_SUSPICIOUS_MOVE = YES;
				CLANG_WARN_UNGUARDED_AVAILABILITY = YES_AGGRESSIVE;
				CLANG_WARN_UNREACHABLE_CODE = YES;
				CLANG_WARN__DUPLICATE_METHOD_MATCH = YES;
				COPY_PHASE_STRIP = NO;
				DEBUG_INFORMATION_FORMAT = "dwarf-with-dsym";
				ENABLE_NS_ASSERTIONS = NO;
				ENABLE_STRICT_OBJC_MSGSEND = YES;
				GCC_C_LANGUAGE_STANDARD = gnu11;
				GCC_NO_COMMON_BLOCKS = YES;
				GCC_WARN_64_TO_32_BIT_CONVERSION = YES;
				GCC_WARN_ABOUT_RETURN_TYPE = YES_ERROR;
				GCC_WARN_UNDECLARED_SELECTOR = YES;
				GCC_WARN_UNINITIALIZED_AUTOS = YES_AGGRESSIVE;
				GCC_WARN_UNUSED_FUNCTION = YES;
				GCC_WARN_UNUSED_VARIABLE = YES;
				IPHONEOS_DEPLOYMENT_TARGET = 13.5;
				MTL_ENABLE_DEBUG_INFO = NO;
				MTL_FAST_MATH = YES;
				SDKROOT = iphoneos;
				SWIFT_COMPILATION_MODE = wholemodule;
				SWIFT_OPTIMIZATION_LEVEL = "-O";
				VALIDATE_PRODUCT = YES;
			};
			name = Release;
		};
		77D8B6FB24810847007E2ECD /* Debug */ = {
			isa = XCBuildConfiguration;
			buildSettings = {
				ASSETCATALOG_COMPILER_APPICON_NAME = AppIcon;
				CODE_SIGN_STYLE = Automatic;
				DEVELOPMENT_ASSET_PATHS = "\"Bullsye/Preview Content\"";
				DEVELOPMENT_TEAM = RXNM8FKSUB;
				ENABLE_PREVIEWS = YES;
				INFOPLIST_FILE = Bullsye/Info.plist;
				LD_RUNPATH_SEARCH_PATHS = (
					"$(inherited)",
					"@executable_path/Frameworks",
				);
				PRODUCT_BUNDLE_IDENTIFIER = "the-futurstic.Bullsye";
				PRODUCT_NAME = "$(TARGET_NAME)";
				SWIFT_VERSION = 5.0;
				TARGETED_DEVICE_FAMILY = "1,2";
			};
			name = Debug;
		};
		77D8B6FC24810847007E2ECD /* Release */ = {
			isa = XCBuildConfiguration;
			buildSettings = {
				ASSETCATALOG_COMPILER_APPICON_NAME = AppIcon;
				CODE_SIGN_STYLE = Automatic;
				DEVELOPMENT_ASSET_PATHS = "\"Bullsye/Preview Content\"";
				DEVELOPMENT_TEAM = RXNM8FKSUB;
				ENABLE_PREVIEWS = YES;
				INFOPLIST_FILE = Bullsye/Info.plist;
				LD_RUNPATH_SEARCH_PATHS = (
					"$(inherited)",
					"@executable_path/Frameworks",
				);
				PRODUCT_BUNDLE_IDENTIFIER = "the-futurstic.Bullsye";
				PRODUCT_NAME = "$(TARGET_NAME)";
				SWIFT_VERSION = 5.0;
				TARGETED_DEVICE_FAMILY = "1,2";
			};
			name = Release;
		};
/* End XCBuildConfiguration section */

/* Begin XCConfigurationList section */
		77D8B6E124810846007E2ECD /* Build configuration list for PBXProject "Bullsye" */ = {
			isa = XCConfigurationList;
			buildConfigurations = (
				77D8B6F824810847007E2ECD /* Debug */,
				77D8B6F924810847007E2ECD /* Release */,
			);
			defaultConfigurationIsVisible = 0;
			defaultConfigurationName = Release;
		};
		77D8B6FA24810847007E2ECD /* Build configuration list for PBXNativeTarget "Bullsye" */ = {
			isa = XCConfigurationList;
			buildConfigurations = (
				77D8B6FB24810847007E2ECD /* Debug */,
				77D8B6FC24810847007E2ECD /* Release */,
			);
			defaultConfigurationIsVisible = 0;
			defaultConfigurationName = Release;
		};
/* End XCConfigurationList section */
	};
	rootObject = 77D8B6DE24810846007E2ECD /* Project object */;
}
